// !$*UTF8*$!
{
	archiveVersion = 1;
	classes = {
	};
	objectVersion = 46;
	objects = {

/* Begin PBXBuildFile section */
		0091D8F90E81B9330029341E /* OpenGL.framework in Frameworks */ = {isa = PBXBuildFile; fileRef = 0091D8F80E81B9330029341E /* OpenGL.framework */; };
		00B784B30FF439BC000DE1D7 /* Accelerate.framework in Frameworks */ = {isa = PBXBuildFile; fileRef = 00B784AF0FF439BC000DE1D7 /* Accelerate.framework */; };
		00B784B40FF439BC000DE1D7 /* AudioToolbox.framework in Frameworks */ = {isa = PBXBuildFile; fileRef = 00B784B00FF439BC000DE1D7 /* AudioToolbox.framework */; };
		00B784B50FF439BC000DE1D7 /* AudioUnit.framework in Frameworks */ = {isa = PBXBuildFile; fileRef = 00B784B10FF439BC000DE1D7 /* AudioUnit.framework */; };
		00B784B60FF439BC000DE1D7 /* CoreAudio.framework in Frameworks */ = {isa = PBXBuildFile; fileRef = 00B784B20FF439BC000DE1D7 /* CoreAudio.framework */; };
		34F81F0A3C234CC8ABE1BB22 /* WebSocketConnection.cpp in Sources */ = {isa = PBXBuildFile; fileRef = 4795523A8167400AB6AFC55F /* WebSocketConnection.cpp */; };
		3C63A10C189AE16500C6DC3B /* LeapApp.cpp in Sources */ = {isa = PBXBuildFile; fileRef = 3C63A10B189AE16500C6DC3B /* LeapApp.cpp */; };
		3C63A110189AE33400C6DC3B /* libLeap.dylib in Frameworks */ = {isa = PBXBuildFile; fileRef = 3C63A10F189AE33400C6DC3B /* libLeap.dylib */; };
		3C63A114189AE3D700C6DC3B /* ciCV.cpp in Sources */ = {isa = PBXBuildFile; fileRef = 3C63A112189AE3D700C6DC3B /* ciCV.cpp */; };
		3C63A11E189B16A100C6DC3B /* PunchOut.cpp in Sources */ = {isa = PBXBuildFile; fileRef = 3C63A11C189B16A100C6DC3B /* PunchOut.cpp */; };
		3C63A122189C2D9100C6DC3B /* Sockets.cpp in Sources */ = {isa = PBXBuildFile; fileRef = 3C63A120189C2D9100C6DC3B /* Sockets.cpp */; };
		3C7E855D18A1C40900E844F5 /* Player.cpp in Sources */ = {isa = PBXBuildFile; fileRef = 3C7E855B18A1C40900E844F5 /* Player.cpp */; };
		4B73C90D9B94434E98773CC1 /* sha1.cpp in Sources */ = {isa = PBXBuildFile; fileRef = 7FC240C21BFF4C13B9D5382C /* sha1.cpp */; };
		5323E6B20EAFCA74003A9687 /* CoreVideo.framework in Frameworks */ = {isa = PBXBuildFile; fileRef = 5323E6B10EAFCA74003A9687 /* CoreVideo.framework */; };
		5323E6B60EAFCA7E003A9687 /* QTKit.framework in Frameworks */ = {isa = PBXBuildFile; fileRef = 5323E6B50EAFCA7E003A9687 /* QTKit.framework */; };
		8656FFAC644E4D0B8C1B893D /* PunchOutApp.cpp in Sources */ = {isa = PBXBuildFile; fileRef = 33603FE217EC4C0EA9346567 /* PunchOutApp.cpp */; };
		8D11072F0486CEB800E47090 /* Cocoa.framework in Frameworks */ = {isa = PBXBuildFile; fileRef = 1058C7A1FEA54F0111CA2CBB /* Cocoa.framework */; };
		A0BC4805EA2E49DE9467AAD3 /* CinderApp.icns in Resources */ = {isa = PBXBuildFile; fileRef = C175F8FC916C4C3F852CFE58 /* CinderApp.icns */; };
		A294E2E6579244BC8FE64C33 /* WebSocketServer.cpp in Sources */ = {isa = PBXBuildFile; fileRef = 91FA7B9060EF40E5A055C87F /* WebSocketServer.cpp */; };
		E27C2BBCE474419CBAE38249 /* WebSocketClient.cpp in Sources */ = {isa = PBXBuildFile; fileRef = 2E5707D5B30341CB93D83BB2 /* WebSocketClient.cpp */; };
/* End PBXBuildFile section */

/* Begin PBXFileReference section */
		0091D8F80E81B9330029341E /* OpenGL.framework */ = {isa = PBXFileReference; lastKnownFileType = wrapper.framework; name = OpenGL.framework; path = /System/Library/Frameworks/OpenGL.framework; sourceTree = "<absolute>"; };
		00B784AF0FF439BC000DE1D7 /* Accelerate.framework */ = {isa = PBXFileReference; lastKnownFileType = wrapper.framework; name = Accelerate.framework; path = System/Library/Frameworks/Accelerate.framework; sourceTree = SDKROOT; };
		00B784B00FF439BC000DE1D7 /* AudioToolbox.framework */ = {isa = PBXFileReference; lastKnownFileType = wrapper.framework; name = AudioToolbox.framework; path = System/Library/Frameworks/AudioToolbox.framework; sourceTree = SDKROOT; };
		00B784B10FF439BC000DE1D7 /* AudioUnit.framework */ = {isa = PBXFileReference; lastKnownFileType = wrapper.framework; name = AudioUnit.framework; path = System/Library/Frameworks/AudioUnit.framework; sourceTree = SDKROOT; };
		00B784B20FF439BC000DE1D7 /* CoreAudio.framework */ = {isa = PBXFileReference; lastKnownFileType = wrapper.framework; name = CoreAudio.framework; path = System/Library/Frameworks/CoreAudio.framework; sourceTree = SDKROOT; };
		051840830E8F4765BFF16421 /* utilities.hpp */ = {isa = PBXFileReference; lastKnownFileType = "\"\""; name = utilities.hpp; path = "../blocks/Cinder-WebSocketPP/src/websocketpp/utilities.hpp"; sourceTree = "<group>"; };
		1058C7A1FEA54F0111CA2CBB /* Cocoa.framework */ = {isa = PBXFileReference; lastKnownFileType = wrapper.framework; name = Cocoa.framework; path = /System/Library/Frameworks/Cocoa.framework; sourceTree = "<absolute>"; };
		13C194D23FDA427D8ACAC038 /* PunchOut_Prefix.pch */ = {isa = PBXFileReference; lastKnownFileType = "\"\""; path = PunchOut_Prefix.pch; sourceTree = "<group>"; };
		25936C1B634649188A5DF19D /* sha1.h */ = {isa = PBXFileReference; lastKnownFileType = sourcecode.c.h; name = sha1.h; path = "../blocks/Cinder-WebSocketPP/src/websocketpp/sha1/sha1.h"; sourceTree = "<group>"; };
		25EC41A4C80F4A2D911E3F5F /* close.hpp */ = {isa = PBXFileReference; lastKnownFileType = "\"\""; name = close.hpp; path = "../blocks/Cinder-WebSocketPP/src/websocketpp/close.hpp"; sourceTree = "<group>"; };
		29B97324FDCFA39411CA2CEA /* AppKit.framework */ = {isa = PBXFileReference; lastKnownFileType = wrapper.framework; name = AppKit.framework; path = /System/Library/Frameworks/AppKit.framework; sourceTree = "<absolute>"; };
		29B97325FDCFA39411CA2CEA /* Foundation.framework */ = {isa = PBXFileReference; lastKnownFileType = wrapper.framework; name = Foundation.framework; path = /System/Library/Frameworks/Foundation.framework; sourceTree = "<absolute>"; };
		2E173A4C4F00468790547B9B /* WebSocketClient.h */ = {isa = PBXFileReference; lastKnownFileType = sourcecode.c.h; name = WebSocketClient.h; path = "../blocks/Cinder-WebSocketPP/src/WebSocketClient.h"; sourceTree = "<group>"; };
		2E5707D5B30341CB93D83BB2 /* WebSocketClient.cpp */ = {isa = PBXFileReference; lastKnownFileType = sourcecode.c.cpp; name = WebSocketClient.cpp; path = "../blocks/Cinder-WebSocketPP/src/WebSocketClient.cpp"; sourceTree = "<group>"; };
		33603FE217EC4C0EA9346567 /* PunchOutApp.cpp */ = {isa = PBXFileReference; lastKnownFileType = sourcecode.c.cpp; name = PunchOutApp.cpp; path = ../src/PunchOutApp.cpp; sourceTree = "<group>"; };
		33DED29BECB54D9CB72ABED6 /* connection.hpp */ = {isa = PBXFileReference; lastKnownFileType = "\"\""; name = connection.hpp; path = "../blocks/Cinder-WebSocketPP/src/websocketpp/connection.hpp"; sourceTree = "<group>"; };
		3C63A10B189AE16500C6DC3B /* LeapApp.cpp */ = {isa = PBXFileReference; fileEncoding = 4; lastKnownFileType = sourcecode.cpp.cpp; name = LeapApp.cpp; path = ../src/LeapApp.cpp; sourceTree = "<group>"; };
		3C63A10D189AE16D00C6DC3B /* LeapApp.h */ = {isa = PBXFileReference; lastKnownFileType = sourcecode.c.h; name = LeapApp.h; path = ../include/LeapApp.h; sourceTree = "<group>"; };
		3C63A10E189AE18E00C6DC3B /* ciCV.h */ = {isa = PBXFileReference; lastKnownFileType = sourcecode.c.h; name = ciCV.h; path = ../include/ciCV.h; sourceTree = "<group>"; };
		3C63A10F189AE33400C6DC3B /* libLeap.dylib */ = {isa = PBXFileReference; lastKnownFileType = "compiled.mach-o.dylib"; name = libLeap.dylib; path = ../LeapSDK/lib/libLeap.dylib; sourceTree = "<group>"; };
		3C63A112189AE3D700C6DC3B /* ciCV.cpp */ = {isa = PBXFileReference; fileEncoding = 4; lastKnownFileType = sourcecode.cpp.cpp; name = ciCV.cpp; path = ../src/ciCV.cpp; sourceTree = "<group>"; };
		3C63A11B189B167300C6DC3B /* PunchOut.h */ = {isa = PBXFileReference; lastKnownFileType = sourcecode.c.h; name = PunchOut.h; path = ../include/PunchOut.h; sourceTree = "<group>"; };
		3C63A11C189B16A100C6DC3B /* PunchOut.cpp */ = {isa = PBXFileReference; fileEncoding = 4; lastKnownFileType = sourcecode.cpp.cpp; name = PunchOut.cpp; path = ../src/PunchOut.cpp; sourceTree = "<group>"; };
		3C63A11F189C2BDE00C6DC3B /* Sockets.h */ = {isa = PBXFileReference; lastKnownFileType = sourcecode.c.h; name = Sockets.h; path = ../include/Sockets.h; sourceTree = "<group>"; };
		3C63A120189C2D9100C6DC3B /* Sockets.cpp */ = {isa = PBXFileReference; fileEncoding = 4; lastKnownFileType = sourcecode.cpp.cpp; name = Sockets.cpp; path = ../src/Sockets.cpp; sourceTree = "<group>"; };
		3C63A123189C315400C6DC3B /* PunchParser.h */ = {isa = PBXFileReference; lastKnownFileType = sourcecode.c.h; name = PunchParser.h; path = ../include/PunchParser.h; sourceTree = "<group>"; };
		3C7E855B18A1C40900E844F5 /* Player.cpp */ = {isa = PBXFileReference; fileEncoding = 4; lastKnownFileType = sourcecode.cpp.cpp; path = Player.cpp; sourceTree = "<group>"; };
		3C7E855C18A1C40900E844F5 /* Player.h */ = {isa = PBXFileReference; fileEncoding = 4; lastKnownFileType = sourcecode.c.h; path = Player.h; sourceTree = "<group>"; };
		4795523A8167400AB6AFC55F /* WebSocketConnection.cpp */ = {isa = PBXFileReference; lastKnownFileType = sourcecode.c.cpp; name = WebSocketConnection.cpp; path = "../blocks/Cinder-WebSocketPP/src/WebSocketConnection.cpp"; sourceTree = "<group>"; };
		5323E6B10EAFCA74003A9687 /* CoreVideo.framework */ = {isa = PBXFileReference; lastKnownFileType = wrapper.framework; name = CoreVideo.framework; path = /System/Library/Frameworks/CoreVideo.framework; sourceTree = "<absolute>"; };
		5323E6B50EAFCA7E003A9687 /* QTKit.framework */ = {isa = PBXFileReference; lastKnownFileType = wrapper.framework; name = QTKit.framework; path = /System/Library/Frameworks/QTKit.framework; sourceTree = "<absolute>"; };
		55298E1ECE664D52BBF4454F /* CinderOpenCV.h */ = {isa = PBXFileReference; lastKnownFileType = sourcecode.c.h; name = CinderOpenCV.h; path = ../blocks/OpenCV/include/CinderOpenCV.h; sourceTree = "<group>"; };
		566735AFBB1A4BDDB1EB131F /* md5.h */ = {isa = PBXFileReference; lastKnownFileType = sourcecode.c.h; name = md5.h; path = "../blocks/Cinder-WebSocketPP/src/websocketpp/md5/md5.h"; sourceTree = "<group>"; };
		5EADC6ED89944BE39315EBAA /* server.hpp */ = {isa = PBXFileReference; lastKnownFileType = "\"\""; name = server.hpp; path = "../blocks/Cinder-WebSocketPP/src/websocketpp/server.hpp"; sourceTree = "<group>"; };
		7A07BA7ABB73490BB14918EC /* WebSocketConnection.h */ = {isa = PBXFileReference; lastKnownFileType = sourcecode.c.h; name = WebSocketConnection.h; path = "../blocks/Cinder-WebSocketPP/src/WebSocketConnection.h"; sourceTree = "<group>"; };
		7C69BF28F8B3453F8A470D71 /* common.hpp */ = {isa = PBXFileReference; lastKnownFileType = "\"\""; name = common.hpp; path = "../blocks/Cinder-WebSocketPP/src/websocketpp/common.hpp"; sourceTree = "<group>"; };
		7FC240C21BFF4C13B9D5382C /* sha1.cpp */ = {isa = PBXFileReference; lastKnownFileType = sourcecode.c.cpp; name = sha1.cpp; path = "../blocks/Cinder-WebSocketPP/src/websocketpp/sha1/sha1.cpp"; sourceTree = "<group>"; };
		85E417D592624D60B89CF56B /* endpoint.hpp */ = {isa = PBXFileReference; lastKnownFileType = "\"\""; name = endpoint.hpp; path = "../blocks/Cinder-WebSocketPP/src/websocketpp/endpoint.hpp"; sourceTree = "<group>"; };
		897E367E778249C692818AB6 /* error_container.hpp */ = {isa = PBXFileReference; lastKnownFileType = "\"\""; name = error_container.hpp; path = "../blocks/Cinder-WebSocketPP/src/websocketpp/error_container.hpp"; sourceTree = "<group>"; };
		8D1107320486CEB800E47090 /* PunchOut.app */ = {isa = PBXFileReference; explicitFileType = wrapper.application; includeInIndex = 0; path = PunchOut.app; sourceTree = BUILT_PRODUCTS_DIR; };
		91FA7B9060EF40E5A055C87F /* WebSocketServer.cpp */ = {isa = PBXFileReference; lastKnownFileType = sourcecode.c.cpp; name = WebSocketServer.cpp; path = "../blocks/Cinder-WebSocketPP/src/WebSocketServer.cpp"; sourceTree = "<group>"; };
		98326564C0D745909FCDD6CD /* base64.h */ = {isa = PBXFileReference; lastKnownFileType = sourcecode.c.h; name = base64.h; path = "../blocks/Cinder-WebSocketPP/src/websocketpp/base64/base64.h"; sourceTree = "<group>"; };
		9F78EB36AC4343058DEAF7AD /* endpoint_base.hpp */ = {isa = PBXFileReference; lastKnownFileType = "\"\""; name = endpoint_base.hpp; path = "../blocks/Cinder-WebSocketPP/src/websocketpp/endpoint_base.hpp"; sourceTree = "<group>"; };
		A0D7D5F6AF074C079D22439C /* error.hpp */ = {isa = PBXFileReference; lastKnownFileType = "\"\""; name = error.hpp; path = "../blocks/Cinder-WebSocketPP/src/websocketpp/error.hpp"; sourceTree = "<group>"; };
		B13962786E84470595E8632C /* connection_base.hpp */ = {isa = PBXFileReference; lastKnownFileType = "\"\""; name = connection_base.hpp; path = "../blocks/Cinder-WebSocketPP/src/websocketpp/connection_base.hpp"; sourceTree = "<group>"; };
		C175F8FC916C4C3F852CFE58 /* CinderApp.icns */ = {isa = PBXFileReference; lastKnownFileType = image.icns; name = CinderApp.icns; path = ../resources/CinderApp.icns; sourceTree = "<group>"; };
		C19931D4C11E4BC6BD4E9F77 /* WebSocketServer.h */ = {isa = PBXFileReference; lastKnownFileType = sourcecode.c.h; name = WebSocketServer.h; path = "../blocks/Cinder-WebSocketPP/src/WebSocketServer.h"; sourceTree = "<group>"; };
		CFF91C33C72E49AAA82A19E2 /* utf8_validator.hpp */ = {isa = PBXFileReference; lastKnownFileType = "\"\""; name = utf8_validator.hpp; path = "../blocks/Cinder-WebSocketPP/src/websocketpp/utf8_validator.hpp"; sourceTree = "<group>"; };
		D0448FEC7328492E81151514 /* client.hpp */ = {isa = PBXFileReference; lastKnownFileType = "\"\""; name = client.hpp; path = "../blocks/Cinder-WebSocketPP/src/websocketpp/client.hpp"; sourceTree = "<group>"; };
		D50DFAAFF3C143539FF2228D /* uri.hpp */ = {isa = PBXFileReference; lastKnownFileType = "\"\""; name = uri.hpp; path = "../blocks/Cinder-WebSocketPP/src/websocketpp/uri.hpp"; sourceTree = "<group>"; };
		DC19F808AF564C3F8F77CF12 /* Resources.h */ = {isa = PBXFileReference; lastKnownFileType = sourcecode.c.h; name = Resources.h; path = ../include/Resources.h; sourceTree = "<group>"; };
		E1A938145D5947CCBCFABF3B /* Info.plist */ = {isa = PBXFileReference; lastKnownFileType = text.plist.xml; path = Info.plist; sourceTree = "<group>"; };
		E6850170A9124B3BA4B941DD /* frame.hpp */ = {isa = PBXFileReference; lastKnownFileType = "\"\""; name = frame.hpp; path = "../blocks/Cinder-WebSocketPP/src/websocketpp/frame.hpp"; sourceTree = "<group>"; };
/* End PBXFileReference section */

/* Begin PBXFrameworksBuildPhase section */
		8D11072E0486CEB800E47090 /* Frameworks */ = {
			isa = PBXFrameworksBuildPhase;
			buildActionMask = 2147483647;
			files = (
				8D11072F0486CEB800E47090 /* Cocoa.framework in Frameworks */,
				0091D8F90E81B9330029341E /* OpenGL.framework in Frameworks */,
				3C63A110189AE33400C6DC3B /* libLeap.dylib in Frameworks */,
				5323E6B20EAFCA74003A9687 /* CoreVideo.framework in Frameworks */,
				5323E6B60EAFCA7E003A9687 /* QTKit.framework in Frameworks */,
				00B784B30FF439BC000DE1D7 /* Accelerate.framework in Frameworks */,
				00B784B40FF439BC000DE1D7 /* AudioToolbox.framework in Frameworks */,
				00B784B50FF439BC000DE1D7 /* AudioUnit.framework in Frameworks */,
				00B784B60FF439BC000DE1D7 /* CoreAudio.framework in Frameworks */,
			);
			runOnlyForDeploymentPostprocessing = 0;
		};
/* End PBXFrameworksBuildPhase section */

/* Begin PBXGroup section */
		01B97315FEAEA392516A2CEA /* Blocks */ = {
			isa = PBXGroup;
			children = (
				C29BC09AF3354C4CA15EE6FD /* Cinder-WebSocketPP */,
				C2A8F2D6671243D9B9AB6A63 /* OpenCV */,
			);
			name = Blocks;
			sourceTree = "<group>";
		};
		080E96DDFE201D6D7F000001 /* Files */ = {
			isa = PBXGroup;
			children = (
				3C63A10A189AE12D00C6DC3B /* Leap */,
				33603FE217EC4C0EA9346567 /* PunchOutApp.cpp */,
				3C63A119189B163500C6DC3B /* CV */,
				3C63A118189B163000C6DC3B /* Sockets */,
				3C63A11B189B167300C6DC3B /* PunchOut.h */,
				3C63A11C189B16A100C6DC3B /* PunchOut.cpp */,
				3C63A123189C315400C6DC3B /* PunchParser.h */,
				3C7E855B18A1C40900E844F5 /* Player.cpp */,
				3C7E855C18A1C40900E844F5 /* Player.h */,
			);
			name = Files;
			sourceTree = "<group>";
		};
		0CFA0221FB224BA7A43CC6C0 /* websocketpp */ = {
			isa = PBXGroup;
			children = (
				DBE55DDE83044FEBAB697D00 /* sha1 */,
				D0448FEC7328492E81151514 /* client.hpp */,
				25EC41A4C80F4A2D911E3F5F /* close.hpp */,
				7C69BF28F8B3453F8A470D71 /* common.hpp */,
				33DED29BECB54D9CB72ABED6 /* connection.hpp */,
				B13962786E84470595E8632C /* connection_base.hpp */,
				85E417D592624D60B89CF56B /* endpoint.hpp */,
				9F78EB36AC4343058DEAF7AD /* endpoint_base.hpp */,
				A0D7D5F6AF074C079D22439C /* error.hpp */,
				897E367E778249C692818AB6 /* error_container.hpp */,
				E6850170A9124B3BA4B941DD /* frame.hpp */,
				5EADC6ED89944BE39315EBAA /* server.hpp */,
				D50DFAAFF3C143539FF2228D /* uri.hpp */,
				CFF91C33C72E49AAA82A19E2 /* utf8_validator.hpp */,
				051840830E8F4765BFF16421 /* utilities.hpp */,
				1B554A00FFD94748B6944F8E /* base64 */,
				3203735CC510476486439E4C /* md5 */,
			);
			name = websocketpp;
			sourceTree = "<group>";
		};
		1058C7A0FEA54F0111CA2CBB /* Linked Frameworks */ = {
			isa = PBXGroup;
			children = (
				00B784AF0FF439BC000DE1D7 /* Accelerate.framework */,
				00B784B00FF439BC000DE1D7 /* AudioToolbox.framework */,
				00B784B10FF439BC000DE1D7 /* AudioUnit.framework */,
				00B784B20FF439BC000DE1D7 /* CoreAudio.framework */,
				5323E6B50EAFCA7E003A9687 /* QTKit.framework */,
				5323E6B10EAFCA74003A9687 /* CoreVideo.framework */,
				0091D8F80E81B9330029341E /* OpenGL.framework */,
				1058C7A1FEA54F0111CA2CBB /* Cocoa.framework */,
			);
			name = "Linked Frameworks";
			sourceTree = "<group>";
		};
		1058C7A2FEA54F0111CA2CBB /* Other Frameworks */ = {
			isa = PBXGroup;
			children = (
				29B97324FDCFA39411CA2CEA /* AppKit.framework */,
				29B97325FDCFA39411CA2CEA /* Foundation.framework */,
			);
			name = "Other Frameworks";
			sourceTree = "<group>";
		};
		11060B01D78C43399F593C69 /* src */ = {
			isa = PBXGroup;
			children = (
				2E5707D5B30341CB93D83BB2 /* WebSocketClient.cpp */,
				4795523A8167400AB6AFC55F /* WebSocketConnection.cpp */,
				91FA7B9060EF40E5A055C87F /* WebSocketServer.cpp */,
				0CFA0221FB224BA7A43CC6C0 /* websocketpp */,
				2E173A4C4F00468790547B9B /* WebSocketClient.h */,
				7A07BA7ABB73490BB14918EC /* WebSocketConnection.h */,
				C19931D4C11E4BC6BD4E9F77 /* WebSocketServer.h */,
			);
			name = src;
			sourceTree = "<group>";
		};
		19C28FACFE9D520D11CA2CBB /* Products */ = {
			isa = PBXGroup;
			children = (
				8D1107320486CEB800E47090 /* PunchOut.app */,
			);
			name = Products;
			sourceTree = "<group>";
		};
		1B554A00FFD94748B6944F8E /* base64 */ = {
			isa = PBXGroup;
			children = (
				98326564C0D745909FCDD6CD /* base64.h */,
			);
			name = base64;
			sourceTree = "<group>";
		};
		29B97314FDCFA39411CA2CEA /* PunchOut */ = {
			isa = PBXGroup;
			children = (
				01B97315FEAEA392516A2CEA /* Blocks */,
				080E96DDFE201D6D7F000001 /* Files */,
				29B97317FDCFA39411CA2CEA /* Resources */,
				29B97323FDCFA39411CA2CEA /* Frameworks */,
				19C28FACFE9D520D11CA2CBB /* Products */,
			);
			name = PunchOut;
			sourceTree = "<group>";
		};
		29B97315FDCFA39411CA2CEA /* Headers */ = {
			isa = PBXGroup;
			children = (
				DC19F808AF564C3F8F77CF12 /* Resources.h */,
				13C194D23FDA427D8ACAC038 /* PunchOut_Prefix.pch */,
			);
			name = Headers;
			sourceTree = "<group>";
		};
		29B97317FDCFA39411CA2CEA /* Resources */ = {
			isa = PBXGroup;
			children = (
				C175F8FC916C4C3F852CFE58 /* CinderApp.icns */,
				E1A938145D5947CCBCFABF3B /* Info.plist */,
			);
			name = Resources;
			sourceTree = "<group>";
		};
		29B97323FDCFA39411CA2CEA /* Frameworks */ = {
			isa = PBXGroup;
			children = (
				3C63A10F189AE33400C6DC3B /* libLeap.dylib */,
				1058C7A0FEA54F0111CA2CBB /* Linked Frameworks */,
				1058C7A2FEA54F0111CA2CBB /* Other Frameworks */,
			);
			name = Frameworks;
			sourceTree = "<group>";
		};
		3203735CC510476486439E4C /* md5 */ = {
			isa = PBXGroup;
			children = (
				566735AFBB1A4BDDB1EB131F /* md5.h */,
			);
			name = md5;
			sourceTree = "<group>";
		};
		3C63A10A189AE12D00C6DC3B /* Leap */ = {
			isa = PBXGroup;
			children = (
				3C63A10D189AE16D00C6DC3B /* LeapApp.h */,
				3C63A10B189AE16500C6DC3B /* LeapApp.cpp */,
			);
			name = Leap;
			sourceTree = "<group>";
		};
		3C63A118189B163000C6DC3B /* Sockets */ = {
			isa = PBXGroup;
			children = (
				3C63A11F189C2BDE00C6DC3B /* Sockets.h */,
				3C63A120189C2D9100C6DC3B /* Sockets.cpp */,
			);
			name = Sockets;
			sourceTree = "<group>";
		};
		3C63A119189B163500C6DC3B /* CV */ = {
			isa = PBXGroup;
			children = (
				3C63A10E189AE18E00C6DC3B /* ciCV.h */,
				3C63A112189AE3D700C6DC3B /* ciCV.cpp */,
			);
			name = CV;
			sourceTree = "<group>";
		};
		9F241D57570B44FEBFAD555F /* include */ = {
			isa = PBXGroup;
			children = (
				55298E1ECE664D52BBF4454F /* CinderOpenCV.h */,
			);
			name = include;
			sourceTree = "<group>";
		};
		C29BC09AF3354C4CA15EE6FD /* Cinder-WebSocketPP */ = {
			isa = PBXGroup;
			children = (
				11060B01D78C43399F593C69 /* src */,
			);
			name = "Cinder-WebSocketPP";
			sourceTree = "<group>";
		};
		C2A8F2D6671243D9B9AB6A63 /* OpenCV */ = {
			isa = PBXGroup;
			children = (
				29B97315FDCFA39411CA2CEA /* Headers */,
				9F241D57570B44FEBFAD555F /* include */,
			);
			name = OpenCV;
			sourceTree = "<group>";
		};
		DBE55DDE83044FEBAB697D00 /* sha1 */ = {
			isa = PBXGroup;
			children = (
				7FC240C21BFF4C13B9D5382C /* sha1.cpp */,
				25936C1B634649188A5DF19D /* sha1.h */,
			);
			name = sha1;
			sourceTree = "<group>";
		};
/* End PBXGroup section */

/* Begin PBXNativeTarget section */
		8D1107260486CEB800E47090 /* PunchOut */ = {
			isa = PBXNativeTarget;
			buildConfigurationList = C01FCF4A08A954540054247B /* Build configuration list for PBXNativeTarget "PunchOut" */;
			buildPhases = (
				8D1107290486CEB800E47090 /* Resources */,
				8D11072C0486CEB800E47090 /* Sources */,
				8D11072E0486CEB800E47090 /* Frameworks */,
				3C63A111189AE37300C6DC3B /* ShellScript */,
			);
			buildRules = (
			);
			dependencies = (
			);
			name = PunchOut;
			productInstallPath = "$(HOME)/Applications";
			productName = PunchOut;
			productReference = 8D1107320486CEB800E47090 /* PunchOut.app */;
			productType = "com.apple.product-type.application";
		};
/* End PBXNativeTarget section */

/* Begin PBXProject section */
		29B97313FDCFA39411CA2CEA /* Project object */ = {
			isa = PBXProject;
			attributes = {
			};
			buildConfigurationList = C01FCF4E08A954540054247B /* Build configuration list for PBXProject "PunchOut" */;
			compatibilityVersion = "Xcode 3.2";
			developmentRegion = English;
			hasScannedForEncodings = 1;
			knownRegions = (
				English,
				Japanese,
				French,
				German,
			);
			mainGroup = 29B97314FDCFA39411CA2CEA /* PunchOut */;
			projectDirPath = "";
			projectRoot = "";
			targets = (
				8D1107260486CEB800E47090 /* PunchOut */,
			);
		};
/* End PBXProject section */

/* Begin PBXResourcesBuildPhase section */
		8D1107290486CEB800E47090 /* Resources */ = {
			isa = PBXResourcesBuildPhase;
			buildActionMask = 2147483647;
			files = (
				A0BC4805EA2E49DE9467AAD3 /* CinderApp.icns in Resources */,
			);
			runOnlyForDeploymentPostprocessing = 0;
		};
/* End PBXResourcesBuildPhase section */

/* Begin PBXShellScriptBuildPhase section */
		3C63A111189AE37300C6DC3B /* ShellScript */ = {
			isa = PBXShellScriptBuildPhase;
			buildActionMask = 2147483647;
			files = (
			);
			inputPaths = (
			);
			outputPaths = (
			);
			runOnlyForDeploymentPostprocessing = 0;
			shellPath = /bin/sh;
			shellScript = "cp -f ../LeapSDK/lib/libLeap.dylib \"$TARGET_BUILD_DIR/$PRODUCT_NAME.app/Contents/MacOS/libLeap.dylib\"; install_name_tool -change ./libLeap.dylib @executable_path/libLeap.dylib \"$TARGET_BUILD_DIR/$PRODUCT_NAME.app/Contents/MacOS/$PRODUCT_NAME\";";
		};
/* End PBXShellScriptBuildPhase section */

/* Begin PBXSourcesBuildPhase section */
		8D11072C0486CEB800E47090 /* Sources */ = {
			isa = PBXSourcesBuildPhase;
			buildActionMask = 2147483647;
			files = (
				8656FFAC644E4D0B8C1B893D /* PunchOutApp.cpp in Sources */,
				E27C2BBCE474419CBAE38249 /* WebSocketClient.cpp in Sources */,
				3C63A122189C2D9100C6DC3B /* Sockets.cpp in Sources */,
				34F81F0A3C234CC8ABE1BB22 /* WebSocketConnection.cpp in Sources */,
				3C7E855D18A1C40900E844F5 /* Player.cpp in Sources */,
				3C63A10C189AE16500C6DC3B /* LeapApp.cpp in Sources */,
				A294E2E6579244BC8FE64C33 /* WebSocketServer.cpp in Sources */,
				3C63A114189AE3D700C6DC3B /* ciCV.cpp in Sources */,
				4B73C90D9B94434E98773CC1 /* sha1.cpp in Sources */,
				3C63A11E189B16A100C6DC3B /* PunchOut.cpp in Sources */,
			);
			runOnlyForDeploymentPostprocessing = 0;
		};
/* End PBXSourcesBuildPhase section */

/* Begin XCBuildConfiguration section */
		C01FCF4B08A954540054247B /* Debug */ = {
			isa = XCBuildConfiguration;
			buildSettings = {
				COMBINE_HIDPI_IMAGES = YES;
				COPY_PHASE_STRIP = NO;
				DEAD_CODE_STRIPPING = YES;
				GCC_DYNAMIC_NO_PIC = NO;
				GCC_INLINES_ARE_PRIVATE_EXTERN = YES;
				GCC_OPTIMIZATION_LEVEL = 0;
				GCC_PRECOMPILE_PREFIX_HEADER = YES;
				GCC_PREFIX_HEADER = PunchOut_Prefix.pch;
				GCC_PREPROCESSOR_DEFINITIONS = (
					"DEBUG=1",
					"$(inherited)",
				);
				GCC_SYMBOLS_PRIVATE_EXTERN = NO;
				INFOPLIST_FILE = Info.plist;
				INSTALL_PATH = "$(HOME)/Applications";
				LIBRARY_SEARCH_PATHS = (
					"../blocks/Cinder-WebSocketPP/lib/macosx",
					/Users/kindofsleepy/Documents/apps/PunchOut/LeapSDK/lib,
				);
				OTHER_LDFLAGS = (
					"\"$(CINDER_PATH)/lib/libcinder_d.a\"",
					"\"../blocks/Cinder-WebSocketPP/lib/macosx/libboost_random.a\"",
					"\"../blocks/Cinder-WebSocketPP/lib/macosx/libboost_regex.a\"",
					../blocks/OpenCV/lib/macosx/libopencv_calib3d.a,
					../blocks/OpenCV/lib/macosx/libopencv_contrib.a,
					../blocks/OpenCV/lib/macosx/libopencv_core.a,
					../blocks/OpenCV/lib/macosx/libopencv_features2d.a,
					../blocks/OpenCV/lib/macosx/libopencv_flann.a,
					../blocks/OpenCV/lib/macosx/libopencv_gpu.a,
					../blocks/OpenCV/lib/macosx/libopencv_imgproc.a,
					../blocks/OpenCV/lib/macosx/libopencv_legacy.a,
					../blocks/OpenCV/lib/macosx/libopencv_ml.a,
					../blocks/OpenCV/lib/macosx/libopencv_nonfree.a,
					../blocks/OpenCV/lib/macosx/libopencv_objdetect.a,
					../blocks/OpenCV/lib/macosx/libopencv_photo.a,
					../blocks/OpenCV/lib/macosx/libopencv_stitching.a,
					../blocks/OpenCV/lib/macosx/libopencv_ts.a,
					../blocks/OpenCV/lib/macosx/libopencv_video.a,
					../blocks/OpenCV/lib/macosx/libopencv_videostab.a,
				);
				PRODUCT_NAME = PunchOut;
				SYMROOT = ./build;
				USER_HEADER_SEARCH_PATHS = "\"$(CINDER_PATH)/include\" ../include \"../blocks/Cinder-WebSocketPP/src\" ../blocks/OpenCV/include ../blocks/OpenCV/include/opencv2 ../LeapSDK/include";
				WRAPPER_EXTENSION = app;
			};
			name = Debug;
		};
		C01FCF4C08A954540054247B /* Release */ = {
			isa = XCBuildConfiguration;
			buildSettings = {
				COMBINE_HIDPI_IMAGES = YES;
				DEAD_CODE_STRIPPING = YES;
				DEBUG_INFORMATION_FORMAT = "dwarf-with-dsym";
				GCC_FAST_MATH = YES;
				GCC_GENERATE_DEBUGGING_SYMBOLS = NO;
				GCC_INLINES_ARE_PRIVATE_EXTERN = YES;
				GCC_OPTIMIZATION_LEVEL = 3;
				GCC_PRECOMPILE_PREFIX_HEADER = YES;
				GCC_PREFIX_HEADER = PunchOut_Prefix.pch;
				GCC_SYMBOLS_PRIVATE_EXTERN = NO;
				INFOPLIST_FILE = Info.plist;
				INSTALL_PATH = "$(HOME)/Applications";
				LIBRARY_SEARCH_PATHS = (
					"../blocks/Cinder-WebSocketPP/lib/macosx",
					/Users/kindofsleepy/Documents/apps/PunchOut/LeapSDK/lib,
				);
				OTHER_LDFLAGS = (
					"\"$(CINDER_PATH)/lib/libcinder.a\"",
					"\"../blocks/Cinder-WebSocketPP/lib/macosx/libboost_random.a\"",
					"\"../blocks/Cinder-WebSocketPP/lib/macosx/libboost_regex.a\"",
					../blocks/OpenCV/lib/macosx/libopencv_calib3d.a,
					../blocks/OpenCV/lib/macosx/libopencv_contrib.a,
					../blocks/OpenCV/lib/macosx/libopencv_core.a,
					../blocks/OpenCV/lib/macosx/libopencv_features2d.a,
					../blocks/OpenCV/lib/macosx/libopencv_flann.a,
					../blocks/OpenCV/lib/macosx/libopencv_gpu.a,
					../blocks/OpenCV/lib/macosx/libopencv_imgproc.a,
					../blocks/OpenCV/lib/macosx/libopencv_legacy.a,
					../blocks/OpenCV/lib/macosx/libopencv_ml.a,
					../blocks/OpenCV/lib/macosx/libopencv_nonfree.a,
					../blocks/OpenCV/lib/macosx/libopencv_objdetect.a,
					../blocks/OpenCV/lib/macosx/libopencv_photo.a,
					../blocks/OpenCV/lib/macosx/libopencv_stitching.a,
					../blocks/OpenCV/lib/macosx/libopencv_ts.a,
					../blocks/OpenCV/lib/macosx/libopencv_video.a,
					../blocks/OpenCV/lib/macosx/libopencv_videostab.a,
				);
				PRODUCT_NAME = PunchOut;
				STRIP_INSTALLED_PRODUCT = YES;
				SYMROOT = ./build;
				USER_HEADER_SEARCH_PATHS = "\"$(CINDER_PATH)/include\" ../include \"../blocks/Cinder-WebSocketPP/src\" ../blocks/OpenCV/include ../blocks/OpenCV/include/opencv2 ../LeapSDK/include";
				WRAPPER_EXTENSION = app;
			};
			name = Release;
		};
		C01FCF4F08A954540054247B /* Debug */ = {
			isa = XCBuildConfiguration;
			buildSettings = {
				ALWAYS_SEARCH_USER_PATHS = YES;
				ARCHS = i386;
				CINDER_PATH = ../../../Cinder;
				CLANG_CXX_LANGUAGE_STANDARD = "c++0x";
				CLANG_CXX_LIBRARY = "libc++";
				GCC_WARN_ABOUT_RETURN_TYPE = YES;
				GCC_WARN_UNUSED_VARIABLE = YES;
				HEADER_SEARCH_PATHS = "\"$(CINDER_PATH)/boost\"";
				MACOSX_DEPLOYMENT_TARGET = 10.7;
				SDKROOT = macosx;
				USER_HEADER_SEARCH_PATHS = "\"$(CINDER_PATH)/include\" ../include \"../blocks/Cinder-WebSocketPP/src\" ../blocks/OpenCV/include ../blocks/OpenCV/include/opencv2";
			};
			name = Debug;
		};
		C01FCF5008A954540054247B /* Release */ = {
			isa = XCBuildConfiguration;
			buildSettings = {
				ALWAYS_SEARCH_USER_PATHS = YES;
				ARCHS = i386;
				CINDER_PATH = ../../../Cinder;
				CLANG_CXX_LANGUAGE_STANDARD = "c++0x";
				CLANG_CXX_LIBRARY = "libc++";
				GCC_WARN_ABOUT_RETURN_TYPE = YES;
				GCC_WARN_UNUSED_VARIABLE = YES;
				HEADER_SEARCH_PATHS = "\"$(CINDER_PATH)/boost\"";
				MACOSX_DEPLOYMENT_TARGET = 10.7;
				SDKROOT = macosx;
				USER_HEADER_SEARCH_PATHS = "\"$(CINDER_PATH)/include\" ../include \"../blocks/Cinder-WebSocketPP/src\" ../blocks/OpenCV/include ../blocks/OpenCV/include/opencv2";
			};
			name = Release;
		};
/* End XCBuildConfiguration section */

/* Begin XCConfigurationList section */
		C01FCF4A08A954540054247B /* Build configuration list for PBXNativeTarget "PunchOut" */ = {
			isa = XCConfigurationList;
			buildConfigurations = (
				C01FCF4B08A954540054247B /* Debug */,
				C01FCF4C08A954540054247B /* Release */,
			);
			defaultConfigurationIsVisible = 0;
			defaultConfigurationName = Release;
		};
		C01FCF4E08A954540054247B /* Build configuration list for PBXProject "PunchOut" */ = {
			isa = XCConfigurationList;
			buildConfigurations = (
				C01FCF4F08A954540054247B /* Debug */,
				C01FCF5008A954540054247B /* Release */,
			);
			defaultConfigurationIsVisible = 0;
			defaultConfigurationName = Release;
		};
/* End XCConfigurationList section */
	};
	rootObject = 29B97313FDCFA39411CA2CEA /* Project object */;
}
